// !$*UTF8*$!
{
	archiveVersion = 1;
	classes = {
	};
	objectVersion = 46;
	objects = {

/* Begin PBXBuildFile section */
		3E1246D41B6F760000DCBAC6 /* CrumbPath.m in Sources */ = {isa = PBXBuildFile; fileRef = 3E1246D11B6F760000DCBAC6 /* CrumbPath.m */; };
		3E1246D51B6F760000DCBAC6 /* CrumbPathRenderer.m in Sources */ = {isa = PBXBuildFile; fileRef = 3E1246D31B6F760000DCBAC6 /* CrumbPathRenderer.m */; };
		3EB4BE951B77427D001BCAD5 /* ARSegmentPageController.m in Sources */ = {isa = PBXBuildFile; fileRef = 3EB4BE8F1B77427D001BCAD5 /* ARSegmentPageController.m */; };
		3EB4BE961B77427D001BCAD5 /* ARSegmentPageHeader.m in Sources */ = {isa = PBXBuildFile; fileRef = 3EB4BE921B77427D001BCAD5 /* ARSegmentPageHeader.m */; };
		3EB4BE971B77427D001BCAD5 /* ARSegmentView.m in Sources */ = {isa = PBXBuildFile; fileRef = 3EB4BE941B77427D001BCAD5 /* ARSegmentView.m */; };
		3EC55CFC1B72E22C009B82AF /* MenuTableViewController.m in Sources */ = {isa = PBXBuildFile; fileRef = 3EC55CFA1B72E22C009B82AF /* MenuTableViewController.m */; };
		3EC55D001B73F316009B82AF /* DetailViewController.m in Sources */ = {isa = PBXBuildFile; fileRef = 3EC55CFF1B73F315009B82AF /* DetailViewController.m */; };
		3EC55D031B7539E0009B82AF /* ScrollDetailViewController.m in Sources */ = {isa = PBXBuildFile; fileRef = 3EC55D021B7539E0009B82AF /* ScrollDetailViewController.m */; };
		3EC55D051B753C6A009B82AF /* moon_challenge copy.png in Resources */ = {isa = PBXBuildFile; fileRef = 3EC55D041B753C6A009B82AF /* moon_challenge copy.png */; };
		3EDEE1A21B6AF4C900459E77 /* main.m in Sources */ = {isa = PBXBuildFile; fileRef = 3EDEE1A11B6AF4C900459E77 /* main.m */; };
		3EDEE1A51B6AF4C900459E77 /* AppDelegate.m in Sources */ = {isa = PBXBuildFile; fileRef = 3EDEE1A41B6AF4C900459E77 /* AppDelegate.m */; };
		3EDEE1A81B6AF4C900459E77 /* BTGlassScrollViewController.m in Sources */ = {isa = PBXBuildFile; fileRef = 3EDEE1A71B6AF4C900459E77 /* BTGlassScrollViewController.m */; };
		3EDEE1AD1B6AF4C900459E77 /* Images.xcassets in Resources */ = {isa = PBXBuildFile; fileRef = 3EDEE1AC1B6AF4C900459E77 /* Images.xcassets */; };
		3EDEE1B01B6AF4C900459E77 /* LaunchScreen.xib in Resources */ = {isa = PBXBuildFile; fileRef = 3EDEE1AE1B6AF4C900459E77 /* LaunchScreen.xib */; };
		3EDEE1BC1B6AF4CA00459E77 /* EmpowerDemoTests.m in Sources */ = {isa = PBXBuildFile; fileRef = 3EDEE1BB1B6AF4CA00459E77 /* EmpowerDemoTests.m */; };
		3EDEE1CC1B6AF59800459E77 /* BTGlassScrollView.m in Sources */ = {isa = PBXBuildFile; fileRef = 3EDEE1C91B6AF59800459E77 /* BTGlassScrollView.m */; };
		3EDEE1CD1B6AF59800459E77 /* UIImage+ImageEffects.m in Sources */ = {isa = PBXBuildFile; fileRef = 3EDEE1CB1B6AF59800459E77 /* UIImage+ImageEffects.m */; };
		3EDEE1EE1B6AF5BF00459E77 /* PNBar.m in Sources */ = {isa = PBXBuildFile; fileRef = 3EDEE1CF1B6AF5BF00459E77 /* PNBar.m */; };
		3EDEE1EF1B6AF5BF00459E77 /* PNBarChart.m in Sources */ = {isa = PBXBuildFile; fileRef = 3EDEE1D11B6AF5BF00459E77 /* PNBarChart.m */; };
		3EDEE1F01B6AF5BF00459E77 /* PNChartLabel.m in Sources */ = {isa = PBXBuildFile; fileRef = 3EDEE1D51B6AF5BF00459E77 /* PNChartLabel.m */; };
		3EDEE1F11B6AF5BF00459E77 /* PNCircleChart.m in Sources */ = {isa = PBXBuildFile; fileRef = 3EDEE1D71B6AF5BF00459E77 /* PNCircleChart.m */; };
		3EDEE1F21B6AF5BF00459E77 /* PNColor.m in Sources */ = {isa = PBXBuildFile; fileRef = 3EDEE1D91B6AF5BF00459E77 /* PNColor.m */; };
		3EDEE1F31B6AF5BF00459E77 /* PNGenericChart.m in Sources */ = {isa = PBXBuildFile; fileRef = 3EDEE1DB1B6AF5BF00459E77 /* PNGenericChart.m */; };
		3EDEE1F41B6AF5BF00459E77 /* PNLineChart.m in Sources */ = {isa = PBXBuildFile; fileRef = 3EDEE1DD1B6AF5BF00459E77 /* PNLineChart.m */; };
		3EDEE1F51B6AF5BF00459E77 /* PNLineChartData.m in Sources */ = {isa = PBXBuildFile; fileRef = 3EDEE1DF1B6AF5BF00459E77 /* PNLineChartData.m */; };
		3EDEE1F61B6AF5BF00459E77 /* PNLineChartDataItem.m in Sources */ = {isa = PBXBuildFile; fileRef = 3EDEE1E11B6AF5BF00459E77 /* PNLineChartDataItem.m */; };
		3EDEE1F71B6AF5BF00459E77 /* UICountingLabel.m in Sources */ = {isa = PBXBuildFile; fileRef = 3EDEE1E31B6AF5BF00459E77 /* UICountingLabel.m */; };
		3EDEE1F81B6AF5BF00459E77 /* PNScatterChart.m in Sources */ = {isa = PBXBuildFile; fileRef = 3EDEE1E41B6AF5BF00459E77 /* PNScatterChart.m */; };
		3EDEE1F91B6AF5BF00459E77 /* PNScatterChartData.m in Sources */ = {isa = PBXBuildFile; fileRef = 3EDEE1E61B6AF5BF00459E77 /* PNScatterChartData.m */; };
		3EDEE1FA1B6AF5BF00459E77 /* PNScatterChartDataItem.m in Sources */ = {isa = PBXBuildFile; fileRef = 3EDEE1E81B6AF5BF00459E77 /* PNScatterChartDataItem.m */; };
		3EDEE1FB1B6AF5BF00459E77 /* PNPieChart.m in Sources */ = {isa = PBXBuildFile; fileRef = 3EDEE1EA1B6AF5BF00459E77 /* PNPieChart.m */; };
		3EDEE1FC1B6AF5BF00459E77 /* PNPieChartDataItem.m in Sources */ = {isa = PBXBuildFile; fileRef = 3EDEE1EC1B6AF5BF00459E77 /* PNPieChartDataItem.m */; };
		3EDEE1FF1B6AF62D00459E77 /* QuartzCore.framework in Frameworks */ = {isa = PBXBuildFile; fileRef = 3EDEE1FE1B6AF62D00459E77 /* QuartzCore.framework */; };
		3EDEE2011B6AF63500459E77 /* CoreLocation.framework in Frameworks */ = {isa = PBXBuildFile; fileRef = 3EDEE2001B6AF63500459E77 /* CoreLocation.framework */; };
		3EDEE2031B6AF63D00459E77 /* MapKit.framework in Frameworks */ = {isa = PBXBuildFile; fileRef = 3EDEE2021B6AF63D00459E77 /* MapKit.framework */; };
		3EDEE2051B6AF64500459E77 /* Foundation.framework in Frameworks */ = {isa = PBXBuildFile; fileRef = 3EDEE2041B6AF64500459E77 /* Foundation.framework */; };
		3EDEE2071B6AF65000459E77 /* UIKit.framework in Frameworks */ = {isa = PBXBuildFile; fileRef = 3EDEE2061B6AF65000459E77 /* UIKit.framework */; };
		3EDEE2091B6AF65E00459E77 /* CoreGraphics.framework in Frameworks */ = {isa = PBXBuildFile; fileRef = 3EDEE2081B6AF65E00459E77 /* CoreGraphics.framework */; };
		3EFBC5881B7182410072F774 /* Main.storyboard in Resources */ = {isa = PBXBuildFile; fileRef = 3EFBC5871B7182410072F774 /* Main.storyboard */; };
		3EFBC59B1B71C3390072F774 /* menuButton.png in Resources */ = {isa = PBXBuildFile; fileRef = 3EFBC5991B71C3390072F774 /* menuButton.png */; };
		3EFBC59C1B71C3390072F774 /* menuButton@2x.png in Resources */ = {isa = PBXBuildFile; fileRef = 3EFBC59A1B71C3390072F774 /* menuButton@2x.png */; };
		3EFBC5A81B71CC870072F774 /* Apache License.txt in Resources */ = {isa = PBXBuildFile; fileRef = 3EFBC59D1B71CC860072F774 /* Apache License.txt */; };
		3EFBC5A91B71CC870072F774 /* OpenSans-Bold.ttf in Resources */ = {isa = PBXBuildFile; fileRef = 3EFBC59E1B71CC860072F774 /* OpenSans-Bold.ttf */; };
		3EFBC5AA1B71CC870072F774 /* OpenSans-BoldItalic.ttf in Resources */ = {isa = PBXBuildFile; fileRef = 3EFBC59F1B71CC870072F774 /* OpenSans-BoldItalic.ttf */; };
		3EFBC5AB1B71CC870072F774 /* OpenSans-ExtraBold.ttf in Resources */ = {isa = PBXBuildFile; fileRef = 3EFBC5A01B71CC870072F774 /* OpenSans-ExtraBold.ttf */; };
		3EFBC5AC1B71CC870072F774 /* OpenSans-ExtraBoldItalic.ttf in Resources */ = {isa = PBXBuildFile; fileRef = 3EFBC5A11B71CC870072F774 /* OpenSans-ExtraBoldItalic.ttf */; };
		3EFBC5AD1B71CC870072F774 /* OpenSans-Italic.ttf in Resources */ = {isa = PBXBuildFile; fileRef = 3EFBC5A21B71CC870072F774 /* OpenSans-Italic.ttf */; };
		3EFBC5AE1B71CC870072F774 /* OpenSans-Light.ttf in Resources */ = {isa = PBXBuildFile; fileRef = 3EFBC5A31B71CC870072F774 /* OpenSans-Light.ttf */; };
		3EFBC5AF1B71CC870072F774 /* OpenSans-LightItalic.ttf in Resources */ = {isa = PBXBuildFile; fileRef = 3EFBC5A41B71CC870072F774 /* OpenSans-LightItalic.ttf */; };
		3EFBC5B01B71CC870072F774 /* OpenSans-Regular.ttf in Resources */ = {isa = PBXBuildFile; fileRef = 3EFBC5A51B71CC870072F774 /* OpenSans-Regular.ttf */; };
		3EFBC5B11B71CC870072F774 /* OpenSans-Semibold.ttf in Resources */ = {isa = PBXBuildFile; fileRef = 3EFBC5A61B71CC870072F774 /* OpenSans-Semibold.ttf */; };
		3EFBC5B21B71CC870072F774 /* OpenSans-SemiboldItalic.ttf in Resources */ = {isa = PBXBuildFile; fileRef = 3EFBC5A71B71CC870072F774 /* OpenSans-SemiboldItalic.ttf */; };
		3EFBC5B71B71F03B0072F774 /* emPowerBolt.png in Resources */ = {isa = PBXBuildFile; fileRef = 3EFBC5B41B71F03B0072F774 /* emPowerBolt.png */; };
		3EFBC5B81B71F03B0072F774 /* emPowerBolt@2x.png in Resources */ = {isa = PBXBuildFile; fileRef = 3EFBC5B51B71F03B0072F774 /* emPowerBolt@2x.png */; };
		3EFBC5B91B71F03B0072F774 /* emPowerBolt@3x.png in Resources */ = {isa = PBXBuildFile; fileRef = 3EFBC5B61B71F03B0072F774 /* emPowerBolt@3x.png */; };
/* End PBXBuildFile section */

/* Begin PBXContainerItemProxy section */
		3EDEE1B61B6AF4CA00459E77 /* PBXContainerItemProxy */ = {
			isa = PBXContainerItemProxy;
			containerPortal = 3EDEE1941B6AF4C900459E77 /* Project object */;
			proxyType = 1;
			remoteGlobalIDString = 3EDEE19B1B6AF4C900459E77;
			remoteInfo = EmpowerDemo;
		};
/* End PBXContainerItemProxy section */

/* Begin PBXFileReference section */
		3E1246D01B6F760000DCBAC6 /* CrumbPath.h */ = {isa = PBXFileReference; fileEncoding = 4; lastKnownFileType = sourcecode.c.h; path = CrumbPath.h; sourceTree = "<group>"; };
		3E1246D11B6F760000DCBAC6 /* CrumbPath.m */ = {isa = PBXFileReference; fileEncoding = 4; lastKnownFileType = sourcecode.c.objc; path = CrumbPath.m; sourceTree = "<group>"; };
		3E1246D21B6F760000DCBAC6 /* CrumbPathRenderer.h */ = {isa = PBXFileReference; fileEncoding = 4; lastKnownFileType = sourcecode.c.h; path = CrumbPathRenderer.h; sourceTree = "<group>"; };
		3E1246D31B6F760000DCBAC6 /* CrumbPathRenderer.m */ = {isa = PBXFileReference; fileEncoding = 4; lastKnownFileType = sourcecode.c.objc; path = CrumbPathRenderer.m; sourceTree = "<group>"; };
		3EB4BE8D1B77427D001BCAD5 /* ARSegmentControllerDelegate.h */ = {isa = PBXFileReference; fileEncoding = 4; lastKnownFileType = sourcecode.c.h; path = ARSegmentControllerDelegate.h; sourceTree = "<group>"; };
		3EB4BE8E1B77427D001BCAD5 /* ARSegmentPageController.h */ = {isa = PBXFileReference; fileEncoding = 4; lastKnownFileType = sourcecode.c.h; path = ARSegmentPageController.h; sourceTree = "<group>"; };
		3EB4BE8F1B77427D001BCAD5 /* ARSegmentPageController.m */ = {isa = PBXFileReference; fileEncoding = 4; lastKnownFileType = sourcecode.c.objc; path = ARSegmentPageController.m; sourceTree = "<group>"; };
		3EB4BE901B77427D001BCAD5 /* ARSegmentPageControllerHeaderProtocol.h */ = {isa = PBXFileReference; fileEncoding = 4; lastKnownFileType = sourcecode.c.h; path = ARSegmentPageControllerHeaderProtocol.h; sourceTree = "<group>"; };
		3EB4BE911B77427D001BCAD5 /* ARSegmentPageHeader.h */ = {isa = PBXFileReference; fileEncoding = 4; lastKnownFileType = sourcecode.c.h; path = ARSegmentPageHeader.h; sourceTree = "<group>"; };
		3EB4BE921B77427D001BCAD5 /* ARSegmentPageHeader.m */ = {isa = PBXFileReference; fileEncoding = 4; lastKnownFileType = sourcecode.c.objc; path = ARSegmentPageHeader.m; sourceTree = "<group>"; };
		3EB4BE931B77427D001BCAD5 /* ARSegmentView.h */ = {isa = PBXFileReference; fileEncoding = 4; lastKnownFileType = sourcecode.c.h; path = ARSegmentView.h; sourceTree = "<group>"; };
		3EB4BE941B77427D001BCAD5 /* ARSegmentView.m */ = {isa = PBXFileReference; fileEncoding = 4; lastKnownFileType = sourcecode.c.objc; path = ARSegmentView.m; sourceTree = "<group>"; };
		3EC55CF91B72E22C009B82AF /* MenuTableViewController.h */ = {isa = PBXFileReference; fileEncoding = 4; lastKnownFileType = sourcecode.c.h; path = MenuTableViewController.h; sourceTree = "<group>"; };
		3EC55CFA1B72E22C009B82AF /* MenuTableViewController.m */ = {isa = PBXFileReference; fileEncoding = 4; lastKnownFileType = sourcecode.c.objc; path = MenuTableViewController.m; sourceTree = "<group>"; };
		3EC55CFE1B73F315009B82AF /* DetailViewController.h */ = {isa = PBXFileReference; fileEncoding = 4; lastKnownFileType = sourcecode.c.h; path = DetailViewController.h; sourceTree = "<group>"; };
		3EC55CFF1B73F315009B82AF /* DetailViewController.m */ = {isa = PBXFileReference; fileEncoding = 4; lastKnownFileType = sourcecode.c.objc; path = DetailViewController.m; sourceTree = "<group>"; };
		3EC55D011B7539E0009B82AF /* ScrollDetailViewController.h */ = {isa = PBXFileReference; fileEncoding = 4; lastKnownFileType = sourcecode.c.h; path = ScrollDetailViewController.h; sourceTree = "<group>"; };
		3EC55D021B7539E0009B82AF /* ScrollDetailViewController.m */ = {isa = PBXFileReference; fileEncoding = 4; lastKnownFileType = sourcecode.c.objc; path = ScrollDetailViewController.m; sourceTree = "<group>"; };
		3EC55D041B753C6A009B82AF /* moon_challenge copy.png */ = {isa = PBXFileReference; lastKnownFileType = image.png; path = "moon_challenge copy.png"; sourceTree = "<group>"; };
		3EDEE19C1B6AF4C900459E77 /* EmpowerDemo.app */ = {isa = PBXFileReference; explicitFileType = wrapper.application; includeInIndex = 0; path = EmpowerDemo.app; sourceTree = BUILT_PRODUCTS_DIR; };
		3EDEE1A01B6AF4C900459E77 /* Info.plist */ = {isa = PBXFileReference; lastKnownFileType = text.plist.xml; path = Info.plist; sourceTree = "<group>"; };
		3EDEE1A11B6AF4C900459E77 /* main.m */ = {isa = PBXFileReference; lastKnownFileType = sourcecode.c.objc; path = main.m; sourceTree = "<group>"; };
		3EDEE1A31B6AF4C900459E77 /* AppDelegate.h */ = {isa = PBXFileReference; lastKnownFileType = sourcecode.c.h; path = AppDelegate.h; sourceTree = "<group>"; };
		3EDEE1A41B6AF4C900459E77 /* AppDelegate.m */ = {isa = PBXFileReference; lastKnownFileType = sourcecode.c.objc; path = AppDelegate.m; sourceTree = "<group>"; };
		3EDEE1A61B6AF4C900459E77 /* BTGlassScrollViewController.h */ = {isa = PBXFileReference; lastKnownFileType = sourcecode.c.h; path = BTGlassScrollViewController.h; sourceTree = "<group>"; };
		3EDEE1A71B6AF4C900459E77 /* BTGlassScrollViewController.m */ = {isa = PBXFileReference; lastKnownFileType = sourcecode.c.objc; path = BTGlassScrollViewController.m; sourceTree = "<group>"; };
		3EDEE1AC1B6AF4C900459E77 /* Images.xcassets */ = {isa = PBXFileReference; lastKnownFileType = folder.assetcatalog; path = Images.xcassets; sourceTree = "<group>"; };
		3EDEE1AF1B6AF4C900459E77 /* Base */ = {isa = PBXFileReference; lastKnownFileType = file.xib; name = Base; path = Base.lproj/LaunchScreen.xib; sourceTree = "<group>"; };
		3EDEE1B51B6AF4CA00459E77 /* EmpowerDemoTests.xctest */ = {isa = PBXFileReference; explicitFileType = wrapper.cfbundle; includeInIndex = 0; path = EmpowerDemoTests.xctest; sourceTree = BUILT_PRODUCTS_DIR; };
		3EDEE1BB1B6AF4CA00459E77 /* EmpowerDemoTests.m */ = {isa = PBXFileReference; lastKnownFileType = sourcecode.c.objc; path = EmpowerDemoTests.m; sourceTree = "<group>"; };
		3EDEE1C81B6AF59800459E77 /* BTGlassScrollView.h */ = {isa = PBXFileReference; fileEncoding = 4; lastKnownFileType = sourcecode.c.h; path = BTGlassScrollView.h; sourceTree = "<group>"; };
		3EDEE1C91B6AF59800459E77 /* BTGlassScrollView.m */ = {isa = PBXFileReference; fileEncoding = 4; lastKnownFileType = sourcecode.c.objc; path = BTGlassScrollView.m; sourceTree = "<group>"; };
		3EDEE1CA1B6AF59800459E77 /* UIImage+ImageEffects.h */ = {isa = PBXFileReference; fileEncoding = 4; lastKnownFileType = sourcecode.c.h; path = "UIImage+ImageEffects.h"; sourceTree = "<group>"; };
		3EDEE1CB1B6AF59800459E77 /* UIImage+ImageEffects.m */ = {isa = PBXFileReference; fileEncoding = 4; lastKnownFileType = sourcecode.c.objc; path = "UIImage+ImageEffects.m"; sourceTree = "<group>"; };
		3EDEE1CE1B6AF5BF00459E77 /* PNBar.h */ = {isa = PBXFileReference; fileEncoding = 4; lastKnownFileType = sourcecode.c.h; path = PNBar.h; sourceTree = "<group>"; };
		3EDEE1CF1B6AF5BF00459E77 /* PNBar.m */ = {isa = PBXFileReference; fileEncoding = 4; lastKnownFileType = sourcecode.c.objc; path = PNBar.m; sourceTree = "<group>"; };
		3EDEE1D01B6AF5BF00459E77 /* PNBarChart.h */ = {isa = PBXFileReference; fileEncoding = 4; lastKnownFileType = sourcecode.c.h; path = PNBarChart.h; sourceTree = "<group>"; };
		3EDEE1D11B6AF5BF00459E77 /* PNBarChart.m */ = {isa = PBXFileReference; fileEncoding = 4; lastKnownFileType = sourcecode.c.objc; path = PNBarChart.m; sourceTree = "<group>"; };
		3EDEE1D21B6AF5BF00459E77 /* PNChart.h */ = {isa = PBXFileReference; fileEncoding = 4; lastKnownFileType = sourcecode.c.h; path = PNChart.h; sourceTree = "<group>"; };
		3EDEE1D31B6AF5BF00459E77 /* PNChartDelegate.h */ = {isa = PBXFileReference; fileEncoding = 4; lastKnownFileType = sourcecode.c.h; path = PNChartDelegate.h; sourceTree = "<group>"; };
		3EDEE1D41B6AF5BF00459E77 /* PNChartLabel.h */ = {isa = PBXFileReference; fileEncoding = 4; lastKnownFileType = sourcecode.c.h; path = PNChartLabel.h; sourceTree = "<group>"; };
		3EDEE1D51B6AF5BF00459E77 /* PNChartLabel.m */ = {isa = PBXFileReference; fileEncoding = 4; lastKnownFileType = sourcecode.c.objc; path = PNChartLabel.m; sourceTree = "<group>"; };
		3EDEE1D61B6AF5BF00459E77 /* PNCircleChart.h */ = {isa = PBXFileReference; fileEncoding = 4; lastKnownFileType = sourcecode.c.h; path = PNCircleChart.h; sourceTree = "<group>"; };
		3EDEE1D71B6AF5BF00459E77 /* PNCircleChart.m */ = {isa = PBXFileReference; fileEncoding = 4; lastKnownFileType = sourcecode.c.objc; path = PNCircleChart.m; sourceTree = "<group>"; };
		3EDEE1D81B6AF5BF00459E77 /* PNColor.h */ = {isa = PBXFileReference; fileEncoding = 4; lastKnownFileType = sourcecode.c.h; path = PNColor.h; sourceTree = "<group>"; };
		3EDEE1D91B6AF5BF00459E77 /* PNColor.m */ = {isa = PBXFileReference; fileEncoding = 4; lastKnownFileType = sourcecode.c.objc; path = PNColor.m; sourceTree = "<group>"; };
		3EDEE1DA1B6AF5BF00459E77 /* PNGenericChart.h */ = {isa = PBXFileReference; fileEncoding = 4; lastKnownFileType = sourcecode.c.h; path = PNGenericChart.h; sourceTree = "<group>"; };
		3EDEE1DB1B6AF5BF00459E77 /* PNGenericChart.m */ = {isa = PBXFileReference; fileEncoding = 4; lastKnownFileType = sourcecode.c.objc; path = PNGenericChart.m; sourceTree = "<group>"; };
		3EDEE1DC1B6AF5BF00459E77 /* PNLineChart.h */ = {isa = PBXFileReference; fileEncoding = 4; lastKnownFileType = sourcecode.c.h; path = PNLineChart.h; sourceTree = "<group>"; };
		3EDEE1DD1B6AF5BF00459E77 /* PNLineChart.m */ = {isa = PBXFileReference; fileEncoding = 4; lastKnownFileType = sourcecode.c.objc; path = PNLineChart.m; sourceTree = "<group>"; };
		3EDEE1DE1B6AF5BF00459E77 /* PNLineChartData.h */ = {isa = PBXFileReference; fileEncoding = 4; lastKnownFileType = sourcecode.c.h; path = PNLineChartData.h; sourceTree = "<group>"; };
		3EDEE1DF1B6AF5BF00459E77 /* PNLineChartData.m */ = {isa = PBXFileReference; fileEncoding = 4; lastKnownFileType = sourcecode.c.objc; path = PNLineChartData.m; sourceTree = "<group>"; };
		3EDEE1E01B6AF5BF00459E77 /* PNLineChartDataItem.h */ = {isa = PBXFileReference; fileEncoding = 4; lastKnownFileType = sourcecode.c.h; path = PNLineChartDataItem.h; sourceTree = "<group>"; };
		3EDEE1E11B6AF5BF00459E77 /* PNLineChartDataItem.m */ = {isa = PBXFileReference; fileEncoding = 4; lastKnownFileType = sourcecode.c.objc; path = PNLineChartDataItem.m; sourceTree = "<group>"; };
		3EDEE1E21B6AF5BF00459E77 /* UICountingLabel.h */ = {isa = PBXFileReference; fileEncoding = 4; lastKnownFileType = sourcecode.c.h; path = UICountingLabel.h; sourceTree = "<group>"; };
		3EDEE1E31B6AF5BF00459E77 /* UICountingLabel.m */ = {isa = PBXFileReference; fileEncoding = 4; lastKnownFileType = sourcecode.c.objc; path = UICountingLabel.m; sourceTree = "<group>"; };
		3EDEE1E41B6AF5BF00459E77 /* PNScatterChart.m */ = {isa = PBXFileReference; fileEncoding = 4; lastKnownFileType = sourcecode.c.objc; path = PNScatterChart.m; sourceTree = "<group>"; };
		3EDEE1E51B6AF5BF00459E77 /* PNScatterChartData.h */ = {isa = PBXFileReference; fileEncoding = 4; lastKnownFileType = sourcecode.c.h; path = PNScatterChartData.h; sourceTree = "<group>"; };
		3EDEE1E61B6AF5BF00459E77 /* PNScatterChartData.m */ = {isa = PBXFileReference; fileEncoding = 4; lastKnownFileType = sourcecode.c.objc; path = PNScatterChartData.m; sourceTree = "<group>"; };
		3EDEE1E71B6AF5BF00459E77 /* PNScatterChartDataItem.h */ = {isa = PBXFileReference; fileEncoding = 4; lastKnownFileType = sourcecode.c.h; path = PNScatterChartDataItem.h; sourceTree = "<group>"; };
		3EDEE1E81B6AF5BF00459E77 /* PNScatterChartDataItem.m */ = {isa = PBXFileReference; fileEncoding = 4; lastKnownFileType = sourcecode.c.objc; path = PNScatterChartDataItem.m; sourceTree = "<group>"; };
		3EDEE1E91B6AF5BF00459E77 /* PNPieChart.h */ = {isa = PBXFileReference; fileEncoding = 4; lastKnownFileType = sourcecode.c.h; path = PNPieChart.h; sourceTree = "<group>"; };
		3EDEE1EA1B6AF5BF00459E77 /* PNPieChart.m */ = {isa = PBXFileReference; fileEncoding = 4; lastKnownFileType = sourcecode.c.objc; path = PNPieChart.m; sourceTree = "<group>"; };
		3EDEE1EB1B6AF5BF00459E77 /* PNPieChartDataItem.h */ = {isa = PBXFileReference; fileEncoding = 4; lastKnownFileType = sourcecode.c.h; path = PNPieChartDataItem.h; sourceTree = "<group>"; };
		3EDEE1EC1B6AF5BF00459E77 /* PNPieChartDataItem.m */ = {isa = PBXFileReference; fileEncoding = 4; lastKnownFileType = sourcecode.c.objc; path = PNPieChartDataItem.m; sourceTree = "<group>"; };
		3EDEE1ED1B6AF5BF00459E77 /* PNScatterChart.h */ = {isa = PBXFileReference; fileEncoding = 4; lastKnownFileType = sourcecode.c.h; path = PNScatterChart.h; sourceTree = "<group>"; };
		3EDEE1FE1B6AF62D00459E77 /* QuartzCore.framework */ = {isa = PBXFileReference; lastKnownFileType = wrapper.framework; name = QuartzCore.framework; path = System/Library/Frameworks/QuartzCore.framework; sourceTree = SDKROOT; };
		3EDEE2001B6AF63500459E77 /* CoreLocation.framework */ = {isa = PBXFileReference; lastKnownFileType = wrapper.framework; name = CoreLocation.framework; path = System/Library/Frameworks/CoreLocation.framework; sourceTree = SDKROOT; };
		3EDEE2021B6AF63D00459E77 /* MapKit.framework */ = {isa = PBXFileReference; lastKnownFileType = wrapper.framework; name = MapKit.framework; path = System/Library/Frameworks/MapKit.framework; sourceTree = SDKROOT; };
		3EDEE2041B6AF64500459E77 /* Foundation.framework */ = {isa = PBXFileReference; lastKnownFileType = wrapper.framework; name = Foundation.framework; path = System/Library/Frameworks/Foundation.framework; sourceTree = SDKROOT; };
		3EDEE2061B6AF65000459E77 /* UIKit.framework */ = {isa = PBXFileReference; lastKnownFileType = wrapper.framework; name = UIKit.framework; path = System/Library/Frameworks/UIKit.framework; sourceTree = SDKROOT; };
		3EDEE2081B6AF65E00459E77 /* CoreGraphics.framework */ = {isa = PBXFileReference; lastKnownFileType = wrapper.framework; name = CoreGraphics.framework; path = System/Library/Frameworks/CoreGraphics.framework; sourceTree = SDKROOT; };
		3EFBC5871B7182410072F774 /* Main.storyboard */ = {isa = PBXFileReference; fileEncoding = 4; lastKnownFileType = file.storyboard; path = Main.storyboard; sourceTree = "<group>"; };
		3EFBC5991B71C3390072F774 /* menuButton.png */ = {isa = PBXFileReference; lastKnownFileType = image.png; path = menuButton.png; sourceTree = "<group>"; };
		3EFBC59A1B71C3390072F774 /* menuButton@2x.png */ = {isa = PBXFileReference; lastKnownFileType = image.png; path = "menuButton@2x.png"; sourceTree = "<group>"; };
		3EFBC59D1B71CC860072F774 /* Apache License.txt */ = {isa = PBXFileReference; fileEncoding = 4; lastKnownFileType = text; path = "Apache License.txt"; sourceTree = "<group>"; };
		3EFBC59E1B71CC860072F774 /* OpenSans-Bold.ttf */ = {isa = PBXFileReference; lastKnownFileType = file; path = "OpenSans-Bold.ttf"; sourceTree = "<group>"; };
		3EFBC59F1B71CC870072F774 /* OpenSans-BoldItalic.ttf */ = {isa = PBXFileReference; lastKnownFileType = file; path = "OpenSans-BoldItalic.ttf"; sourceTree = "<group>"; };
		3EFBC5A01B71CC870072F774 /* OpenSans-ExtraBold.ttf */ = {isa = PBXFileReference; lastKnownFileType = file; path = "OpenSans-ExtraBold.ttf"; sourceTree = "<group>"; };
		3EFBC5A11B71CC870072F774 /* OpenSans-ExtraBoldItalic.ttf */ = {isa = PBXFileReference; lastKnownFileType = file; path = "OpenSans-ExtraBoldItalic.ttf"; sourceTree = "<group>"; };
		3EFBC5A21B71CC870072F774 /* OpenSans-Italic.ttf */ = {isa = PBXFileReference; lastKnownFileType = file; path = "OpenSans-Italic.ttf"; sourceTree = "<group>"; };
		3EFBC5A31B71CC870072F774 /* OpenSans-Light.ttf */ = {isa = PBXFileReference; lastKnownFileType = file; path = "OpenSans-Light.ttf"; sourceTree = "<group>"; };
		3EFBC5A41B71CC870072F774 /* OpenSans-LightItalic.ttf */ = {isa = PBXFileReference; lastKnownFileType = file; path = "OpenSans-LightItalic.ttf"; sourceTree = "<group>"; };
		3EFBC5A51B71CC870072F774 /* OpenSans-Regular.ttf */ = {isa = PBXFileReference; lastKnownFileType = file; path = "OpenSans-Regular.ttf"; sourceTree = "<group>"; };
		3EFBC5A61B71CC870072F774 /* OpenSans-Semibold.ttf */ = {isa = PBXFileReference; lastKnownFileType = file; path = "OpenSans-Semibold.ttf"; sourceTree = "<group>"; };
		3EFBC5A71B71CC870072F774 /* OpenSans-SemiboldItalic.ttf */ = {isa = PBXFileReference; lastKnownFileType = file; path = "OpenSans-SemiboldItalic.ttf"; sourceTree = "<group>"; };
		3EFBC5B41B71F03B0072F774 /* emPowerBolt.png */ = {isa = PBXFileReference; lastKnownFileType = image.png; path = emPowerBolt.png; sourceTree = "<group>"; };
		3EFBC5B51B71F03B0072F774 /* emPowerBolt@2x.png */ = {isa = PBXFileReference; lastKnownFileType = image.png; path = "emPowerBolt@2x.png"; sourceTree = "<group>"; };
		3EFBC5B61B71F03B0072F774 /* emPowerBolt@3x.png */ = {isa = PBXFileReference; lastKnownFileType = image.png; path = "emPowerBolt@3x.png"; sourceTree = "<group>"; };
/* End PBXFileReference section */

/* Begin PBXFrameworksBuildPhase section */
		3EDEE1991B6AF4C900459E77 /* Frameworks */ = {
			isa = PBXFrameworksBuildPhase;
			buildActionMask = 2147483647;
			files = (
				3EDEE2091B6AF65E00459E77 /* CoreGraphics.framework in Frameworks */,
				3EDEE2071B6AF65000459E77 /* UIKit.framework in Frameworks */,
				3EDEE2051B6AF64500459E77 /* Foundation.framework in Frameworks */,
				3EDEE2031B6AF63D00459E77 /* MapKit.framework in Frameworks */,
				3EDEE2011B6AF63500459E77 /* CoreLocation.framework in Frameworks */,
				3EDEE1FF1B6AF62D00459E77 /* QuartzCore.framework in Frameworks */,
			);
			runOnlyForDeploymentPostprocessing = 0;
		};
		3EDEE1B21B6AF4CA00459E77 /* Frameworks */ = {
			isa = PBXFrameworksBuildPhase;
			buildActionMask = 2147483647;
			files = (
			);
			runOnlyForDeploymentPostprocessing = 0;
		};
/* End PBXFrameworksBuildPhase section */

/* Begin PBXGroup section */
		3E1246D61B6F760E00DCBAC6 /* Overlay */ = {
			isa = PBXGroup;
			children = (
				3EFBC5B41B71F03B0072F774 /* emPowerBolt.png */,
				3EFBC5B51B71F03B0072F774 /* emPowerBolt@2x.png */,
				3EFBC5B61B71F03B0072F774 /* emPowerBolt@3x.png */,
			);
			name = Overlay;
			sourceTree = "<group>";
		};
		3EB4BE981B774286001BCAD5 /* ARSegmentPageController */ = {
			isa = PBXGroup;
			children = (
				3EB4BE8D1B77427D001BCAD5 /* ARSegmentControllerDelegate.h */,
				3EB4BE8E1B77427D001BCAD5 /* ARSegmentPageController.h */,
				3EB4BE8F1B77427D001BCAD5 /* ARSegmentPageController.m */,
				3EB4BE901B77427D001BCAD5 /* ARSegmentPageControllerHeaderProtocol.h */,
				3EB4BE911B77427D001BCAD5 /* ARSegmentPageHeader.h */,
				3EB4BE921B77427D001BCAD5 /* ARSegmentPageHeader.m */,
				3EB4BE931B77427D001BCAD5 /* ARSegmentView.h */,
				3EB4BE941B77427D001BCAD5 /* ARSegmentView.m */,
			);
			name = ARSegmentPageController;
			sourceTree = "<group>";
		};
		3EC55CF81B72DEEB009B82AF /* CrumbPath */ = {
			isa = PBXGroup;
			children = (
				3E1246D01B6F760000DCBAC6 /* CrumbPath.h */,
				3E1246D11B6F760000DCBAC6 /* CrumbPath.m */,
				3E1246D21B6F760000DCBAC6 /* CrumbPathRenderer.h */,
				3E1246D31B6F760000DCBAC6 /* CrumbPathRenderer.m */,
			);
			name = CrumbPath;
			sourceTree = "<group>";
		};
		3EDEE1931B6AF4C900459E77 = {
			isa = PBXGroup;
			children = (
				3EDEE19E1B6AF4C900459E77 /* EmpowerDemo */,
				3EDEE1B81B6AF4CA00459E77 /* EmpowerDemoTests */,
				3EDEE19D1B6AF4C900459E77 /* Products */,
			);
			sourceTree = "<group>";
		};
		3EDEE19D1B6AF4C900459E77 /* Products */ = {
			isa = PBXGroup;
			children = (
				3EDEE19C1B6AF4C900459E77 /* EmpowerDemo.app */,
				3EDEE1B51B6AF4CA00459E77 /* EmpowerDemoTests.xctest */,
			);
			name = Products;
			sourceTree = "<group>";
		};
		3EDEE19E1B6AF4C900459E77 /* EmpowerDemo */ = {
			isa = PBXGroup;
			children = (
				3EDEE1A31B6AF4C900459E77 /* AppDelegate.h */,
				3EDEE1A41B6AF4C900459E77 /* AppDelegate.m */,
				3EDEE1A61B6AF4C900459E77 /* BTGlassScrollViewController.h */,
				3EDEE1A71B6AF4C900459E77 /* BTGlassScrollViewController.m */,
				3EC55CF91B72E22C009B82AF /* MenuTableViewController.h */,
				3EC55CFA1B72E22C009B82AF /* MenuTableViewController.m */,
				3EB4BE981B774286001BCAD5 /* ARSegmentPageController */,
				3EC55CF81B72DEEB009B82AF /* CrumbPath */,
				3EDEE1AC1B6AF4C900459E77 /* Images.xcassets */,
				3EDEE1AE1B6AF4C900459E77 /* LaunchScreen.xib */,
				3EC55CFE1B73F315009B82AF /* DetailViewController.h */,
				3EC55CFF1B73F315009B82AF /* DetailViewController.m */,
				3EDEE1C81B6AF59800459E77 /* BTGlassScrollView.h */,
				3EDEE1C91B6AF59800459E77 /* BTGlassScrollView.m */,
				3EDEE1CA1B6AF59800459E77 /* UIImage+ImageEffects.h */,
				3EDEE1CB1B6AF59800459E77 /* UIImage+ImageEffects.m */,
				3EFBC5871B7182410072F774 /* Main.storyboard */,
				3EC55D011B7539E0009B82AF /* ScrollDetailViewController.h */,
				3EC55D021B7539E0009B82AF /* ScrollDetailViewController.m */,
				3EFBC5B31B71CC8F0072F774 /* Fonts */,
				3E1246D61B6F760E00DCBAC6 /* Overlay */,
				3EDEE1FD1B6AF5C700459E77 /* PNChart */,
				3EDEE19F1B6AF4C900459E77 /* Supporting Files */,
			);
			path = EmpowerDemo;
			sourceTree = "<group>";
		};
		3EDEE19F1B6AF4C900459E77 /* Supporting Files */ = {
			isa = PBXGroup;
			children = (
				3EFBC5991B71C3390072F774 /* menuButton.png */,
				3EFBC59A1B71C3390072F774 /* menuButton@2x.png */,
				3EC55D041B753C6A009B82AF /* moon_challenge copy.png */,
				3EDEE2081B6AF65E00459E77 /* CoreGraphics.framework */,
				3EDEE2061B6AF65000459E77 /* UIKit.framework */,
				3EDEE2041B6AF64500459E77 /* Foundation.framework */,
				3EDEE2021B6AF63D00459E77 /* MapKit.framework */,
				3EDEE2001B6AF63500459E77 /* CoreLocation.framework */,
				3EDEE1FE1B6AF62D00459E77 /* QuartzCore.framework */,
				3EDEE1A01B6AF4C900459E77 /* Info.plist */,
				3EDEE1A11B6AF4C900459E77 /* main.m */,
				3EFBC59D1B71CC860072F774 /* Apache License.txt */,
			);
			name = "Supporting Files";
			sourceTree = "<group>";
		};
		3EDEE1B81B6AF4CA00459E77 /* EmpowerDemoTests */ = {
			isa = PBXGroup;
			children = (
				3EDEE1BB1B6AF4CA00459E77 /* EmpowerDemoTests.m */,
				3EDEE1B91B6AF4CA00459E77 /* Supporting Files */,
			);
			path = EmpowerDemoTests;
			sourceTree = "<group>";
		};
		3EDEE1B91B6AF4CA00459E77 /* Supporting Files */ = {
			isa = PBXGroup;
			children = (
			);
			name = "Supporting Files";
			sourceTree = "<group>";
		};
		3EDEE1FD1B6AF5C700459E77 /* PNChart */ = {
			isa = PBXGroup;
			children = (
				3EDEE1CE1B6AF5BF00459E77 /* PNBar.h */,
				3EDEE1CF1B6AF5BF00459E77 /* PNBar.m */,
				3EDEE1D01B6AF5BF00459E77 /* PNBarChart.h */,
				3EDEE1D11B6AF5BF00459E77 /* PNBarChart.m */,
				3EDEE1D21B6AF5BF00459E77 /* PNChart.h */,
				3EDEE1D31B6AF5BF00459E77 /* PNChartDelegate.h */,
				3EDEE1D41B6AF5BF00459E77 /* PNChartLabel.h */,
				3EDEE1D51B6AF5BF00459E77 /* PNChartLabel.m */,
				3EDEE1D61B6AF5BF00459E77 /* PNCircleChart.h */,
				3EDEE1D71B6AF5BF00459E77 /* PNCircleChart.m */,
				3EDEE1D81B6AF5BF00459E77 /* PNColor.h */,
				3EDEE1D91B6AF5BF00459E77 /* PNColor.m */,
				3EDEE1DA1B6AF5BF00459E77 /* PNGenericChart.h */,
				3EDEE1DB1B6AF5BF00459E77 /* PNGenericChart.m */,
				3EDEE1DC1B6AF5BF00459E77 /* PNLineChart.h */,
				3EDEE1DD1B6AF5BF00459E77 /* PNLineChart.m */,
				3EDEE1DE1B6AF5BF00459E77 /* PNLineChartData.h */,
				3EDEE1DF1B6AF5BF00459E77 /* PNLineChartData.m */,
				3EDEE1E01B6AF5BF00459E77 /* PNLineChartDataItem.h */,
				3EDEE1E11B6AF5BF00459E77 /* PNLineChartDataItem.m */,
				3EDEE1E21B6AF5BF00459E77 /* UICountingLabel.h */,
				3EDEE1E31B6AF5BF00459E77 /* UICountingLabel.m */,
				3EDEE1E41B6AF5BF00459E77 /* PNScatterChart.m */,
				3EDEE1E51B6AF5BF00459E77 /* PNScatterChartData.h */,
				3EDEE1E61B6AF5BF00459E77 /* PNScatterChartData.m */,
				3EDEE1E71B6AF5BF00459E77 /* PNScatterChartDataItem.h */,
				3EDEE1E81B6AF5BF00459E77 /* PNScatterChartDataItem.m */,
				3EDEE1E91B6AF5BF00459E77 /* PNPieChart.h */,
				3EDEE1EA1B6AF5BF00459E77 /* PNPieChart.m */,
				3EDEE1EB1B6AF5BF00459E77 /* PNPieChartDataItem.h */,
				3EDEE1EC1B6AF5BF00459E77 /* PNPieChartDataItem.m */,
				3EDEE1ED1B6AF5BF00459E77 /* PNScatterChart.h */,
			);
			name = PNChart;
			sourceTree = "<group>";
		};
		3EFBC5B31B71CC8F0072F774 /* Fonts */ = {
			isa = PBXGroup;
			children = (
				3EFBC59E1B71CC860072F774 /* OpenSans-Bold.ttf */,
				3EFBC59F1B71CC870072F774 /* OpenSans-BoldItalic.ttf */,
				3EFBC5A01B71CC870072F774 /* OpenSans-ExtraBold.ttf */,
				3EFBC5A11B71CC870072F774 /* OpenSans-ExtraBoldItalic.ttf */,
				3EFBC5A21B71CC870072F774 /* OpenSans-Italic.ttf */,
				3EFBC5A31B71CC870072F774 /* OpenSans-Light.ttf */,
				3EFBC5A41B71CC870072F774 /* OpenSans-LightItalic.ttf */,
				3EFBC5A51B71CC870072F774 /* OpenSans-Regular.ttf */,
				3EFBC5A61B71CC870072F774 /* OpenSans-Semibold.ttf */,
				3EFBC5A71B71CC870072F774 /* OpenSans-SemiboldItalic.ttf */,
			);
			name = Fonts;
			sourceTree = "<group>";
		};
/* End PBXGroup section */

/* Begin PBXNativeTarget section */
		3EDEE19B1B6AF4C900459E77 /* EmpowerDemo */ = {
			isa = PBXNativeTarget;
			buildConfigurationList = 3EDEE1BF1B6AF4CA00459E77 /* Build configuration list for PBXNativeTarget "EmpowerDemo" */;
			buildPhases = (
				3EDEE1981B6AF4C900459E77 /* Sources */,
				3EDEE1991B6AF4C900459E77 /* Frameworks */,
				3EDEE19A1B6AF4C900459E77 /* Resources */,
			);
			buildRules = (
			);
			dependencies = (
			);
			name = EmpowerDemo;
			productName = EmpowerDemo;
			productReference = 3EDEE19C1B6AF4C900459E77 /* EmpowerDemo.app */;
			productType = "com.apple.product-type.application";
		};
		3EDEE1B41B6AF4CA00459E77 /* EmpowerDemoTests */ = {
			isa = PBXNativeTarget;
			buildConfigurationList = 3EDEE1C21B6AF4CA00459E77 /* Build configuration list for PBXNativeTarget "EmpowerDemoTests" */;
			buildPhases = (
				3EDEE1B11B6AF4CA00459E77 /* Sources */,
				3EDEE1B21B6AF4CA00459E77 /* Frameworks */,
				3EDEE1B31B6AF4CA00459E77 /* Resources */,
			);
			buildRules = (
			);
			dependencies = (
				3EDEE1B71B6AF4CA00459E77 /* PBXTargetDependency */,
			);
			name = EmpowerDemoTests;
			productName = EmpowerDemoTests;
			productReference = 3EDEE1B51B6AF4CA00459E77 /* EmpowerDemoTests.xctest */;
			productType = "com.apple.product-type.bundle.unit-test";
		};
/* End PBXNativeTarget section */

/* Begin PBXProject section */
		3EDEE1941B6AF4C900459E77 /* Project object */ = {
			isa = PBXProject;
			attributes = {
				LastUpgradeCheck = 0630;
				ORGANIZATIONNAME = empower;
				TargetAttributes = {
					3EDEE19B1B6AF4C900459E77 = {
						CreatedOnToolsVersion = 6.3.2;
					};
					3EDEE1B41B6AF4CA00459E77 = {
						CreatedOnToolsVersion = 6.3.2;
						TestTargetID = 3EDEE19B1B6AF4C900459E77;
					};
				};
			};
			buildConfigurationList = 3EDEE1971B6AF4C900459E77 /* Build configuration list for PBXProject "EmpowerDemo" */;
			compatibilityVersion = "Xcode 3.2";
			developmentRegion = English;
			hasScannedForEncodings = 0;
			knownRegions = (
				en,
				Base,
			);
			mainGroup = 3EDEE1931B6AF4C900459E77;
			productRefGroup = 3EDEE19D1B6AF4C900459E77 /* Products */;
			projectDirPath = "";
			projectRoot = "";
			targets = (
				3EDEE19B1B6AF4C900459E77 /* EmpowerDemo */,
				3EDEE1B41B6AF4CA00459E77 /* EmpowerDemoTests */,
			);
		};
/* End PBXProject section */

/* Begin PBXResourcesBuildPhase section */
		3EDEE19A1B6AF4C900459E77 /* Resources */ = {
			isa = PBXResourcesBuildPhase;
			buildActionMask = 2147483647;
			files = (
				3EFBC5B71B71F03B0072F774 /* emPowerBolt.png in Resources */,
				3EFBC5AE1B71CC870072F774 /* OpenSans-Light.ttf in Resources */,
				3EDEE1B01B6AF4C900459E77 /* LaunchScreen.xib in Resources */,
				3EFBC5B81B71F03B0072F774 /* emPowerBolt@2x.png in Resources */,
				3EFBC5AF1B71CC870072F774 /* OpenSans-LightItalic.ttf in Resources */,
				3EFBC59B1B71C3390072F774 /* menuButton.png in Resources */,
				3EFBC5B11B71CC870072F774 /* OpenSans-Semibold.ttf in Resources */,
				3EFBC5B21B71CC870072F774 /* OpenSans-SemiboldItalic.ttf in Resources */,
				3EC55D051B753C6A009B82AF /* moon_challenge copy.png in Resources */,
				3EFBC5A91B71CC870072F774 /* OpenSans-Bold.ttf in Resources */,
				3EFBC5A81B71CC870072F774 /* Apache License.txt in Resources */,
				3EFBC59C1B71C3390072F774 /* menuButton@2x.png in Resources */,
				3EFBC5B91B71F03B0072F774 /* emPowerBolt@3x.png in Resources */,
				3EFBC5AA1B71CC870072F774 /* OpenSans-BoldItalic.ttf in Resources */,
				3EDEE1AD1B6AF4C900459E77 /* Images.xcassets in Resources */,
				3EFBC5B01B71CC870072F774 /* OpenSans-Regular.ttf in Resources */,
				3EFBC5881B7182410072F774 /* Main.storyboard in Resources */,
				3EFBC5AD1B71CC870072F774 /* OpenSans-Italic.ttf in Resources */,
				3EFBC5AC1B71CC870072F774 /* OpenSans-ExtraBoldItalic.ttf in Resources */,
				3EFBC5AB1B71CC870072F774 /* OpenSans-ExtraBold.ttf in Resources */,
			);
			runOnlyForDeploymentPostprocessing = 0;
		};
		3EDEE1B31B6AF4CA00459E77 /* Resources */ = {
			isa = PBXResourcesBuildPhase;
			buildActionMask = 2147483647;
			files = (
			);
			runOnlyForDeploymentPostprocessing = 0;
		};
/* End PBXResourcesBuildPhase section */

/* Begin PBXSourcesBuildPhase section */
		3EDEE1981B6AF4C900459E77 /* Sources */ = {
			isa = PBXSourcesBuildPhase;
			buildActionMask = 2147483647;
			files = (
				3EDEE1F21B6AF5BF00459E77 /* PNColor.m in Sources */,
				3EDEE1F71B6AF5BF00459E77 /* UICountingLabel.m in Sources */,
				3EDEE1CC1B6AF59800459E77 /* BTGlassScrollView.m in Sources */,
				3EDEE1F41B6AF5BF00459E77 /* PNLineChart.m in Sources */,
				3EDEE1EE1B6AF5BF00459E77 /* PNBar.m in Sources */,
				3E1246D41B6F760000DCBAC6 /* CrumbPath.m in Sources */,
				3EDEE1F01B6AF5BF00459E77 /* PNChartLabel.m in Sources */,
				3EDEE1F91B6AF5BF00459E77 /* PNScatterChartData.m in Sources */,
				3EDEE1CD1B6AF59800459E77 /* UIImage+ImageEffects.m in Sources */,
				3EC55D001B73F316009B82AF /* DetailViewController.m in Sources */,
				3EDEE1FB1B6AF5BF00459E77 /* PNPieChart.m in Sources */,
				3EDEE1EF1B6AF5BF00459E77 /* PNBarChart.m in Sources */,
				3EDEE1F51B6AF5BF00459E77 /* PNLineChartData.m in Sources */,
				3EDEE1FA1B6AF5BF00459E77 /* PNScatterChartDataItem.m in Sources */,
				3EDEE1A81B6AF4C900459E77 /* BTGlassScrollViewController.m in Sources */,
				3EC55CFC1B72E22C009B82AF /* MenuTableViewController.m in Sources */,
				3EDEE1F31B6AF5BF00459E77 /* PNGenericChart.m in Sources */,
				3E1246D51B6F760000DCBAC6 /* CrumbPathRenderer.m in Sources */,
				3EDEE1FC1B6AF5BF00459E77 /* PNPieChartDataItem.m in Sources */,
				3EDEE1F61B6AF5BF00459E77 /* PNLineChartDataItem.m in Sources */,
				3EC55D031B7539E0009B82AF /* ScrollDetailViewController.m in Sources */,
				3EB4BE951B77427D001BCAD5 /* ARSegmentPageController.m in Sources */,
				3EDEE1F81B6AF5BF00459E77 /* PNScatterChart.m in Sources */,
				3EDEE1A51B6AF4C900459E77 /* AppDelegate.m in Sources */,
				3EDEE1F11B6AF5BF00459E77 /* PNCircleChart.m in Sources */,
				3EB4BE961B77427D001BCAD5 /* ARSegmentPageHeader.m in Sources */,
				3EDEE1A21B6AF4C900459E77 /* main.m in Sources */,
				3EB4BE971B77427D001BCAD5 /* ARSegmentView.m in Sources */,
			);
			runOnlyForDeploymentPostprocessing = 0;
		};
		3EDEE1B11B6AF4CA00459E77 /* Sources */ = {
			isa = PBXSourcesBuildPhase;
			buildActionMask = 2147483647;
			files = (
				3EDEE1BC1B6AF4CA00459E77 /* EmpowerDemoTests.m in Sources */,
			);
			runOnlyForDeploymentPostprocessing = 0;
		};
/* End PBXSourcesBuildPhase section */

/* Begin PBXTargetDependency section */
		3EDEE1B71B6AF4CA00459E77 /* PBXTargetDependency */ = {
			isa = PBXTargetDependency;
			target = 3EDEE19B1B6AF4C900459E77 /* EmpowerDemo */;
			targetProxy = 3EDEE1B61B6AF4CA00459E77 /* PBXContainerItemProxy */;
		};
/* End PBXTargetDependency section */

/* Begin PBXVariantGroup section */
		3EDEE1AE1B6AF4C900459E77 /* LaunchScreen.xib */ = {
			isa = PBXVariantGroup;
			children = (
				3EDEE1AF1B6AF4C900459E77 /* Base */,
			);
			name = LaunchScreen.xib;
			sourceTree = "<group>";
		};
/* End PBXVariantGroup section */

/* Begin XCBuildConfiguration section */
		3EDEE1BD1B6AF4CA00459E77 /* Debug */ = {
			isa = XCBuildConfiguration;
			buildSettings = {
				ALWAYS_SEARCH_USER_PATHS = NO;
				CLANG_CXX_LANGUAGE_STANDARD = "gnu++0x";
				CLANG_CXX_LIBRARY = "libc++";
				CLANG_ENABLE_MODULES = YES;
				CLANG_ENABLE_OBJC_ARC = YES;
				CLANG_WARN_BOOL_CONVERSION = YES;
				CLANG_WARN_CONSTANT_CONVERSION = YES;
				CLANG_WARN_DIRECT_OBJC_ISA_USAGE = YES_ERROR;
				CLANG_WARN_EMPTY_BODY = YES;
				CLANG_WARN_ENUM_CONVERSION = YES;
				CLANG_WARN_INT_CONVERSION = YES;
				CLANG_WARN_OBJC_ROOT_CLASS = YES_ERROR;
				CLANG_WARN_UNREACHABLE_CODE = YES;
				CLANG_WARN__DUPLICATE_METHOD_MATCH = YES;
				"CODE_SIGN_IDENTITY[sdk=iphoneos*]" = "iPhone Developer";
				COPY_PHASE_STRIP = NO;
				DEBUG_INFORMATION_FORMAT = "dwarf-with-dsym";
				ENABLE_STRICT_OBJC_MSGSEND = YES;
				GCC_C_LANGUAGE_STANDARD = gnu99;
				GCC_DYNAMIC_NO_PIC = NO;
				GCC_NO_COMMON_BLOCKS = YES;
				GCC_OPTIMIZATION_LEVEL = 0;
				GCC_PREPROCESSOR_DEFINITIONS = (
					"DEBUG=1",
					"$(inherited)",
				);
				GCC_SYMBOLS_PRIVATE_EXTERN = NO;
				GCC_WARN_64_TO_32_BIT_CONVERSION = YES;
				GCC_WARN_ABOUT_RETURN_TYPE = YES_ERROR;
				GCC_WARN_UNDECLARED_SELECTOR = YES;
				GCC_WARN_UNINITIALIZED_AUTOS = YES_AGGRESSIVE;
				GCC_WARN_UNUSED_FUNCTION = YES;
				GCC_WARN_UNUSED_VARIABLE = YES;
				IPHONEOS_DEPLOYMENT_TARGET = 8.3;
				MTL_ENABLE_DEBUG_INFO = YES;
				ONLY_ACTIVE_ARCH = YES;
				SDKROOT = iphoneos;
			};
			name = Debug;
		};
		3EDEE1BE1B6AF4CA00459E77 /* Release */ = {
			isa = XCBuildConfiguration;
			buildSettings = {
				ALWAYS_SEARCH_USER_PATHS = NO;
				CLANG_CXX_LANGUAGE_STANDARD = "gnu++0x";
				CLANG_CXX_LIBRARY = "libc++";
				CLANG_ENABLE_MODULES = YES;
				CLANG_ENABLE_OBJC_ARC = YES;
				CLANG_WARN_BOOL_CONVERSION = YES;
				CLANG_WARN_CONSTANT_CONVERSION = YES;
				CLANG_WARN_DIRECT_OBJC_ISA_USAGE = YES_ERROR;
				CLANG_WARN_EMPTY_BODY = YES;
				CLANG_WARN_ENUM_CONVERSION = YES;
				CLANG_WARN_INT_CONVERSION = YES;
				CLANG_WARN_OBJC_ROOT_CLASS = YES_ERROR;
				CLANG_WARN_UNREACHABLE_CODE = YES;
				CLANG_WARN__DUPLICATE_METHOD_MATCH = YES;
				"CODE_SIGN_IDENTITY[sdk=iphoneos*]" = "iPhone Developer";
				COPY_PHASE_STRIP = NO;
				DEBUG_INFORMATION_FORMAT = "dwarf-with-dsym";
				ENABLE_NS_ASSERTIONS = NO;
				ENABLE_STRICT_OBJC_MSGSEND = YES;
				GCC_C_LANGUAGE_STANDARD = gnu99;
				GCC_NO_COMMON_BLOCKS = YES;
				GCC_WARN_64_TO_32_BIT_CONVERSION = YES;
				GCC_WARN_ABOUT_RETURN_TYPE = YES_ERROR;
				GCC_WARN_UNDECLARED_SELECTOR = YES;
				GCC_WARN_UNINITIALIZED_AUTOS = YES_AGGRESSIVE;
				GCC_WARN_UNUSED_FUNCTION = YES;
				GCC_WARN_UNUSED_VARIABLE = YES;
				IPHONEOS_DEPLOYMENT_TARGET = 8.3;
				MTL_ENABLE_DEBUG_INFO = NO;
				SDKROOT = iphoneos;
				VALIDATE_PRODUCT = YES;
			};
			name = Release;
		};
		3EDEE1C01B6AF4CA00459E77 /* Debug */ = {
			isa = XCBuildConfiguration;
			buildSettings = {
				ASSETCATALOG_COMPILER_APPICON_NAME = AppIcon;
				INFOPLIST_FILE = EmpowerDemo/Info.plist;
				LD_RUNPATH_SEARCH_PATHS = "$(inherited) @executable_path/Frameworks";
				PRODUCT_NAME = "$(TARGET_NAME)";
			};
			name = Debug;
		};
		3EDEE1C11B6AF4CA00459E77 /* Release */ = {
			isa = XCBuildConfiguration;
			buildSettings = {
				ASSETCATALOG_COMPILER_APPICON_NAME = AppIcon;
				INFOPLIST_FILE = EmpowerDemo/Info.plist;
				LD_RUNPATH_SEARCH_PATHS = "$(inherited) @executable_path/Frameworks";
				PRODUCT_NAME = "$(TARGET_NAME)";
			};
			name = Release;
		};
		3EDEE1C31B6AF4CA00459E77 /* Debug */ = {
			isa = XCBuildConfiguration;
			buildSettings = {
				BUNDLE_LOADER = "$(TEST_HOST)";
				FRAMEWORK_SEARCH_PATHS = (
					"$(SDKROOT)/Developer/Library/Frameworks",
					"$(inherited)",
				);
				GCC_PREPROCESSOR_DEFINITIONS = (
					"DEBUG=1",
					"$(inherited)",
				);
				INFOPLIST_FILE = EmpowerDemoTests/Info.plist;
				LD_RUNPATH_SEARCH_PATHS = "$(inherited) @executable_path/Frameworks @loader_path/Frameworks";
				PRODUCT_NAME = "$(TARGET_NAME)";
				TEST_HOST = "$(BUILT_PRODUCTS_DIR)/EmpowerDemo.app/EmpowerDemo";
			};
			name = Debug;
		};
		3EDEE1C41B6AF4CA00459E77 /* Release */ = {
			isa = XCBuildConfiguration;
			buildSettings = {
				BUNDLE_LOADER = "$(TEST_HOST)";
				FRAMEWORK_SEARCH_PATHS = (
					"$(SDKROOT)/Developer/Library/Frameworks",
					"$(inherited)",
				);
				INFOPLIST_FILE = EmpowerDemoTests/Info.plist;
				LD_RUNPATH_SEARCH_PATHS = "$(inherited) @executable_path/Frameworks @loader_path/Frameworks";
				PRODUCT_NAME = "$(TARGET_NAME)";
				TEST_HOST = "$(BUILT_PRODUCTS_DIR)/EmpowerDemo.app/EmpowerDemo";
			};
			name = Release;
		};
/* End XCBuildConfiguration section */

/* Begin XCConfigurationList section */
		3EDEE1971B6AF4C900459E77 /* Build configuration list for PBXProject "EmpowerDemo" */ = {
			isa = XCConfigurationList;
			buildConfigurations = (
				3EDEE1BD1B6AF4CA00459E77 /* Debug */,
				3EDEE1BE1B6AF4CA00459E77 /* Release */,
			);
			defaultConfigurationIsVisible = 0;
			defaultConfigurationName = Release;
		};
		3EDEE1BF1B6AF4CA00459E77 /* Build configuration list for PBXNativeTarget "EmpowerDemo" */ = {
			isa = XCConfigurationList;
			buildConfigurations = (
				3EDEE1C01B6AF4CA00459E77 /* Debug */,
				3EDEE1C11B6AF4CA00459E77 /* Release */,
			);
			defaultConfigurationIsVisible = 0;
			defaultConfigurationName = Release;
		};
		3EDEE1C21B6AF4CA00459E77 /* Build configuration list for PBXNativeTarget "EmpowerDemoTests" */ = {
			isa = XCConfigurationList;
			buildConfigurations = (
				3EDEE1C31B6AF4CA00459E77 /* Debug */,
				3EDEE1C41B6AF4CA00459E77 /* Release */,
			);
			defaultConfigurationIsVisible = 0;
			defaultConfigurationName = Release;
		};
/* End XCConfigurationList section */
	};
	rootObject = 3EDEE1941B6AF4C900459E77 /* Project object */;
}
